
Microsoft Visual Studio Solution File, Format Version 12.00
# Visual Studio Version 16
VisualStudioVersion = 16.0.28803.202
MinimumVisualStudioVersion = 10.0.40219.1
Project("{FAE04EC0-301F-11D3-BF4B-00C04F79EFBC}") = "Klinspot", "Klinspot\Klinspot.csproj", "{01E53C64-DCB0-41B0-96B5-6B8D46AA4270}"
EndProject
Global
	GlobalSection(SolutionConfigurationPlatforms) = preSolution
		Debug|Any CPU = Debug|Any CPU
		Release|Any CPU = Release|Any CPU
	EndGlobalSection
	GlobalSection(ProjectConfigurationPlatforms) = postSolution
		{01E53C64-DCB0-41B0-96B5-6B8D46AA4270}.Debug|Any CPU.ActiveCfg = Debug|Any CPU
		{01E53C64-DCB0-41B0-96B5-6B8D46AA4270}.Debug|Any CPU.Build.0 = Debug|Any CPU
		{01E53C64-DCB0-41B0-96B5-6B8D46AA4270}.Release|Any CPU.ActiveCfg = Release|Any CPU
		{01E53C64-DCB0-41B0-96B5-6B8D46AA4270}.Release|Any CPU.Build.0 = Release|Any CPU
	EndGlobalSection
	GlobalSection(SolutionProperties) = preSolution
		HideSolutionNode = FALSE
	EndGlobalSection
	GlobalSection(ExtensibilityGlobals) = postSolution
		SolutionGuid = {49C58ED1-F3EF-4470-8B1C-4D9F1838A6E0}
	EndGlobalSection
EndGlobal
